
Microsoft Visual Studio Solution File, Format Version 12.00
# Visual Studio Version 17
VisualStudioVersion = 17.5.33502.453
MinimumVisualStudioVersion = 10.0.40219.1
Project("{2150E333-8FDC-42A3-9474-1A3956D46DE8}") = "Solution items", "Solution items", "{848CC2EE-18C5-4DC5-8F72-3B4C1AAB3643}"
	ProjectSection(SolutionItems) = preProject
		docker-compose.override.yml = docker-compose.override.yml
		docker-compose.yml = docker-compose.yml
		global.json = global.json
		README.md = README.md
	EndProjectSection
EndProject
Project("{2150E333-8FDC-42A3-9474-1A3956D46DE8}") = "src", "src", "{AFA281F2-629F-4CF0-A56B-CECBB526CB34}"
EndProject
Project("{2150E333-8FDC-42A3-9474-1A3956D46DE8}") = "tests", "tests", "{A8008D2A-75B0-4D18-9112-75AED60C88C8}"
EndProject
Project("{2150E333-8FDC-42A3-9474-1A3956D46DE8}") = "ApiGateways", "ApiGateways", "{ED325F3A-3B01-4CA5-9EEA-5B56C126C235}"
EndProject
Project("{2150E333-8FDC-42A3-9474-1A3956D46DE8}") = "BuildingBlocks", "BuildingBlocks", "{B8F3D502-BEE1-4307-8342-66C3FB1EA044}"
EndProject
Project("{2150E333-8FDC-42A3-9474-1A3956D46DE8}") = "Services", "Services", "{CD81C06B-8FE7-4398-8959-FCED4F701209}"
EndProject
Project("{2150E333-8FDC-42A3-9474-1A3956D46DE8}") = "WebApps", "WebApps", "{D9D3E3BD-E333-4E7F-8CD2-6F6437740A6D}"
EndProject
Project("{9A19103F-16F7-4668-BE54-9A1E7A4F7556}") = "OcelotApiGw", "src\ApiGateways\OcelotApiGw\OcelotApiGw.csproj", "{C4ECF617-BC7A-4475-82FE-7E485BB1D9B4}"
EndProject
Project("{9A19103F-16F7-4668-BE54-9A1E7A4F7556}") = "Common.Logging", "src\BuildingBlocks\Common.Logging\Common.Logging.csproj", "{EE41207C-991F-4DC2-8125-3AAF62649548}"
EndProject
Project("{9A19103F-16F7-4668-BE54-9A1E7A4F7556}") = "Contracts", "src\BuildingBlocks\Contracts\Contracts.csproj", "{655E48C7-A15D-422B-9470-0B6E749063A2}"
EndProject
Project("{9A19103F-16F7-4668-BE54-9A1E7A4F7556}") = "EventBus.Messages", "src\BuildingBlocks\EventBus.Messages\EventBus.Messages.csproj", "{963B20BC-66B2-41CF-AB2C-1056D998CBEB}"
EndProject
Project("{9A19103F-16F7-4668-BE54-9A1E7A4F7556}") = "Infrastructure", "src\BuildingBlocks\Infrastructure\Infrastructure.csproj", "{74F988C3-DD72-4234-903E-96B77CB64A6E}"
EndProject
Project("{9A19103F-16F7-4668-BE54-9A1E7A4F7556}") = "Shared", "src\BuildingBlocks\Shared\Shared.csproj", "{28434163-D74B-4A8A-BCB8-C45B516BA193}"
EndProject
Project("{9A19103F-16F7-4668-BE54-9A1E7A4F7556}") = "Basket.API", "src\Services\Basket.API\Basket.API.csproj", "{F5ADAC3C-18FB-4D40-BFB4-1B3C69EB1407}"
EndProject
Project("{9A19103F-16F7-4668-BE54-9A1E7A4F7556}") = "Customer.API", "src\Services\Customer.API\Customer.API.csproj", "{82141133-9B33-4F7E-A317-5F780918D627}"
EndProject
Project("{9A19103F-16F7-4668-BE54-9A1E7A4F7556}") = "Hangfire.API", "src\Services\Hangfire.API\Hangfire.API.csproj", "{A72425BE-3EF3-461E-B5E8-32220B039B02}"
EndProject
Project("{9A19103F-16F7-4668-BE54-9A1E7A4F7556}") = "Inventory.Product.API", "src\Services\Inventory.Product.API\Inventory.Product.API.csproj", "{E9B8918C-93D2-49C7-831C-02E115BF210B}"
EndProject
Project("{9A19103F-16F7-4668-BE54-9A1E7A4F7556}") = "Ordering.API", "src\Services\Ordering.API\Ordering.API.csproj", "{E90632B3-1FB1-4C99-83FA-75E2142A8CF7}"
EndProject
Project("{9A19103F-16F7-4668-BE54-9A1E7A4F7556}") = "Product.API", "src\Services\Product.API\Product.API.csproj", "{46C6ADB7-8D65-465D-8679-987715C6CA89}"
EndProject
Project("{9A19103F-16F7-4668-BE54-9A1E7A4F7556}") = "WebHealthStatus", "src\WebApps\WebHealthStatus\WebHealthStatus.csproj", "{BA592FB6-39EB-47B3-8EB7-3FBB7AB0936C}"
EndProject
Global
	GlobalSection(SolutionConfigurationPlatforms) = preSolution
		Debug|Any CPU = Debug|Any CPU
		Release|Any CPU = Release|Any CPU
	EndGlobalSection
	GlobalSection(ProjectConfigurationPlatforms) = postSolution
		{C4ECF617-BC7A-4475-82FE-7E485BB1D9B4}.Debug|Any CPU.ActiveCfg = Debug|Any CPU
		{C4ECF617-BC7A-4475-82FE-7E485BB1D9B4}.Debug|Any CPU.Build.0 = Debug|Any CPU
		{C4ECF617-BC7A-4475-82FE-7E485BB1D9B4}.Release|Any CPU.ActiveCfg = Release|Any CPU
		{C4ECF617-BC7A-4475-82FE-7E485BB1D9B4}.Release|Any CPU.Build.0 = Release|Any CPU
		{EE41207C-991F-4DC2-8125-3AAF62649548}.Debug|Any CPU.ActiveCfg = Debug|Any CPU
		{EE41207C-991F-4DC2-8125-3AAF62649548}.Debug|Any CPU.Build.0 = Debug|Any CPU
		{EE41207C-991F-4DC2-8125-3AAF62649548}.Release|Any CPU.ActiveCfg = Release|Any CPU
		{EE41207C-991F-4DC2-8125-3AAF62649548}.Release|Any CPU.Build.0 = Release|Any CPU
		{655E48C7-A15D-422B-9470-0B6E749063A2}.Debug|Any CPU.ActiveCfg = Debug|Any CPU
		{655E48C7-A15D-422B-9470-0B6E749063A2}.Debug|Any CPU.Build.0 = Debug|Any CPU
		{655E48C7-A15D-422B-9470-0B6E749063A2}.Release|Any CPU.ActiveCfg = Release|Any CPU
		{655E48C7-A15D-422B-9470-0B6E749063A2}.Release|Any CPU.Build.0 = Release|Any CPU
		{963B20BC-66B2-41CF-AB2C-1056D998CBEB}.Debug|Any CPU.ActiveCfg = Debug|Any CPU
		{963B20BC-66B2-41CF-AB2C-1056D998CBEB}.Debug|Any CPU.Build.0 = Debug|Any CPU
		{963B20BC-66B2-41CF-AB2C-1056D998CBEB}.Release|Any CPU.ActiveCfg = Release|Any CPU
		{963B20BC-66B2-41CF-AB2C-1056D998CBEB}.Release|Any CPU.Build.0 = Release|Any CPU
		{74F988C3-DD72-4234-903E-96B77CB64A6E}.Debug|Any CPU.ActiveCfg = Debug|Any CPU
		{74F988C3-DD72-4234-903E-96B77CB64A6E}.Debug|Any CPU.Build.0 = Debug|Any CPU
		{74F988C3-DD72-4234-903E-96B77CB64A6E}.Release|Any CPU.ActiveCfg = Release|Any CPU
		{74F988C3-DD72-4234-903E-96B77CB64A6E}.Release|Any CPU.Build.0 = Release|Any CPU
		{28434163-D74B-4A8A-BCB8-C45B516BA193}.Debug|Any CPU.ActiveCfg = Debug|Any CPU
		{28434163-D74B-4A8A-BCB8-C45B516BA193}.Debug|Any CPU.Build.0 = Debug|Any CPU
		{28434163-D74B-4A8A-BCB8-C45B516BA193}.Release|Any CPU.ActiveCfg = Release|Any CPU
		{28434163-D74B-4A8A-BCB8-C45B516BA193}.Release|Any CPU.Build.0 = Release|Any CPU
		{F5ADAC3C-18FB-4D40-BFB4-1B3C69EB1407}.Debug|Any CPU.ActiveCfg = Debug|Any CPU
		{F5ADAC3C-18FB-4D40-BFB4-1B3C69EB1407}.Debug|Any CPU.Build.0 = Debug|Any CPU
		{F5ADAC3C-18FB-4D40-BFB4-1B3C69EB1407}.Release|Any CPU.ActiveCfg = Release|Any CPU
		{F5ADAC3C-18FB-4D40-BFB4-1B3C69EB1407}.Release|Any CPU.Build.0 = Release|Any CPU
		{82141133-9B33-4F7E-A317-5F780918D627}.Debug|Any CPU.ActiveCfg = Debug|Any CPU
		{82141133-9B33-4F7E-A317-5F780918D627}.Debug|Any CPU.Build.0 = Debug|Any CPU
		{82141133-9B33-4F7E-A317-5F780918D627}.Release|Any CPU.ActiveCfg = Release|Any CPU
		{82141133-9B33-4F7E-A317-5F780918D627}.Release|Any CPU.Build.0 = Release|Any CPU
		{A72425BE-3EF3-461E-B5E8-32220B039B02}.Debug|Any CPU.ActiveCfg = Debug|Any CPU
		{A72425BE-3EF3-461E-B5E8-32220B039B02}.Debug|Any CPU.Build.0 = Debug|Any CPU
		{A72425BE-3EF3-461E-B5E8-32220B039B02}.Release|Any CPU.ActiveCfg = Release|Any CPU
		{A72425BE-3EF3-461E-B5E8-32220B039B02}.Release|Any CPU.Build.0 = Release|Any CPU
		{E9B8918C-93D2-49C7-831C-02E115BF210B}.Debug|Any CPU.ActiveCfg = Debug|Any CPU
		{E9B8918C-93D2-49C7-831C-02E115BF210B}.Debug|Any CPU.Build.0 = Debug|Any CPU
		{E9B8918C-93D2-49C7-831C-02E115BF210B}.Release|Any CPU.ActiveCfg = Release|Any CPU
		{E9B8918C-93D2-49C7-831C-02E115BF210B}.Release|Any CPU.Build.0 = Release|Any CPU
		{E90632B3-1FB1-4C99-83FA-75E2142A8CF7}.Debug|Any CPU.ActiveCfg = Debug|Any CPU
		{E90632B3-1FB1-4C99-83FA-75E2142A8CF7}.Debug|Any CPU.Build.0 = Debug|Any CPU
		{E90632B3-1FB1-4C99-83FA-75E2142A8CF7}.Release|Any CPU.ActiveCfg = Release|Any CPU
		{E90632B3-1FB1-4C99-83FA-75E2142A8CF7}.Release|Any CPU.Build.0 = Release|Any CPU
		{46C6ADB7-8D65-465D-8679-987715C6CA89}.Debug|Any CPU.ActiveCfg = Debug|Any CPU
		{46C6ADB7-8D65-465D-8679-987715C6CA89}.Debug|Any CPU.Build.0 = Debug|Any CPU
		{46C6ADB7-8D65-465D-8679-987715C6CA89}.Release|Any CPU.ActiveCfg = Release|Any CPU
		{46C6ADB7-8D65-465D-8679-987715C6CA89}.Release|Any CPU.Build.0 = Release|Any CPU
		{BA592FB6-39EB-47B3-8EB7-3FBB7AB0936C}.Debug|Any CPU.ActiveCfg = Debug|Any CPU
		{BA592FB6-39EB-47B3-8EB7-3FBB7AB0936C}.Debug|Any CPU.Build.0 = Debug|Any CPU
		{BA592FB6-39EB-47B3-8EB7-3FBB7AB0936C}.Release|Any CPU.ActiveCfg = Release|Any CPU
		{BA592FB6-39EB-47B3-8EB7-3FBB7AB0936C}.Release|Any CPU.Build.0 = Release|Any CPU
	EndGlobalSection
	GlobalSection(SolutionProperties) = preSolution
		HideSolutionNode = FALSE
	EndGlobalSection
	GlobalSection(NestedProjects) = preSolution
		{ED325F3A-3B01-4CA5-9EEA-5B56C126C235} = {AFA281F2-629F-4CF0-A56B-CECBB526CB34}
		{B8F3D502-BEE1-4307-8342-66C3FB1EA044} = {AFA281F2-629F-4CF0-A56B-CECBB526CB34}
		{CD81C06B-8FE7-4398-8959-FCED4F701209} = {AFA281F2-629F-4CF0-A56B-CECBB526CB34}
		{D9D3E3BD-E333-4E7F-8CD2-6F6437740A6D} = {AFA281F2-629F-4CF0-A56B-CECBB526CB34}
		{C4ECF617-BC7A-4475-82FE-7E485BB1D9B4} = {ED325F3A-3B01-4CA5-9EEA-5B56C126C235}
		{EE41207C-991F-4DC2-8125-3AAF62649548} = {B8F3D502-BEE1-4307-8342-66C3FB1EA044}
		{655E48C7-A15D-422B-9470-0B6E749063A2} = {B8F3D502-BEE1-4307-8342-66C3FB1EA044}
		{963B20BC-66B2-41CF-AB2C-1056D998CBEB} = {B8F3D502-BEE1-4307-8342-66C3FB1EA044}
		{74F988C3-DD72-4234-903E-96B77CB64A6E} = {B8F3D502-BEE1-4307-8342-66C3FB1EA044}
		{28434163-D74B-4A8A-BCB8-C45B516BA193} = {B8F3D502-BEE1-4307-8342-66C3FB1EA044}
		{F5ADAC3C-18FB-4D40-BFB4-1B3C69EB1407} = {CD81C06B-8FE7-4398-8959-FCED4F701209}
		{82141133-9B33-4F7E-A317-5F780918D627} = {CD81C06B-8FE7-4398-8959-FCED4F701209}
		{A72425BE-3EF3-461E-B5E8-32220B039B02} = {CD81C06B-8FE7-4398-8959-FCED4F701209}
		{E9B8918C-93D2-49C7-831C-02E115BF210B} = {CD81C06B-8FE7-4398-8959-FCED4F701209}
		{E90632B3-1FB1-4C99-83FA-75E2142A8CF7} = {CD81C06B-8FE7-4398-8959-FCED4F701209}
		{46C6ADB7-8D65-465D-8679-987715C6CA89} = {CD81C06B-8FE7-4398-8959-FCED4F701209}
		{BA592FB6-39EB-47B3-8EB7-3FBB7AB0936C} = {D9D3E3BD-E333-4E7F-8CD2-6F6437740A6D}
	EndGlobalSection
	GlobalSection(ExtensibilityGlobals) = postSolution
		SolutionGuid = {766038FE-47A6-4D2B-B759-00745BF8A3BA}
	EndGlobalSection
EndGlobal
