
Microsoft Visual Studio Solution File, Format Version 12.00
# Visual Studio Version 17
VisualStudioVersion = 17.6.33723.286
MinimumVisualStudioVersion = 10.0.40219.1
Project("{2150E333-8FDC-42A3-9474-1A3956D46DE8}") = "Solution items", "Solution items", "{848CC2EE-18C5-4DC5-8F72-3B4C1AAB3643}"
	ProjectSection(SolutionItems) = preProject
		.gitignore = .gitignore
		docker-compose.override.yml = docker-compose.override.yml
		docker-compose.yml = docker-compose.yml
		global.json = global.json
		README.md = README.md
	EndProjectSection
EndProject
Project("{2150E333-8FDC-42A3-9474-1A3956D46DE8}") = "src", "src", "{AFA281F2-629F-4CF0-A56B-CECBB526CB34}"
EndProject
Project("{2150E333-8FDC-42A3-9474-1A3956D46DE8}") = "tests", "tests", "{A8008D2A-75B0-4D18-9112-75AED60C88C8}"
EndProject
Project("{2150E333-8FDC-42A3-9474-1A3956D46DE8}") = "ApiGateways", "ApiGateways", "{ED325F3A-3B01-4CA5-9EEA-5B56C126C235}"
EndProject
Project("{2150E333-8FDC-42A3-9474-1A3956D46DE8}") = "BuildingBlocks", "BuildingBlocks", "{B8F3D502-BEE1-4307-8342-66C3FB1EA044}"
EndProject
Project("{2150E333-8FDC-42A3-9474-1A3956D46DE8}") = "Services", "Services", "{CD81C06B-8FE7-4398-8959-FCED4F701209}"
EndProject
Project("{2150E333-8FDC-42A3-9474-1A3956D46DE8}") = "WebApps", "WebApps", "{D9D3E3BD-E333-4E7F-8CD2-6F6437740A6D}"
EndProject
Project("{9A19103F-16F7-4668-BE54-9A1E7A4F7556}") = "OcelotApiGw", "src\ApiGateways\OcelotApiGw\OcelotApiGw.csproj", "{3CD2CE43-D022-48A6-9D62-9809AD6BF39D}"
EndProject
Project("{9A19103F-16F7-4668-BE54-9A1E7A4F7556}") = "Common.Logging", "src\BuildingBlocks\Common.Logging\Common.Logging.csproj", "{9161F4AF-2C4A-48DB-B385-8BAAA8E1F3C3}"
EndProject
Project("{9A19103F-16F7-4668-BE54-9A1E7A4F7556}") = "Contracts", "src\BuildingBlocks\Contracts\Contracts.csproj", "{D86999F6-B789-40F4-84BA-8F8A34F92560}"
EndProject
Project("{9A19103F-16F7-4668-BE54-9A1E7A4F7556}") = "EventBus.Messages", "src\BuildingBlocks\EventBus.Messages\EventBus.Messages.csproj", "{E8F887DB-634C-436E-829C-5E450291CA9C}"
EndProject
Project("{9A19103F-16F7-4668-BE54-9A1E7A4F7556}") = "Infrastructure", "src\BuildingBlocks\Infrastructure\Infrastructure.csproj", "{D19CE33F-8A48-4FD6-A6EE-874FB0BF57C5}"
EndProject
Project("{9A19103F-16F7-4668-BE54-9A1E7A4F7556}") = "Shared", "src\BuildingBlocks\Shared\Shared.csproj", "{7F6926EE-D335-4F69-85CC-7A549124E807}"
EndProject
Project("{9A19103F-16F7-4668-BE54-9A1E7A4F7556}") = "Basket.API", "src\Services\Basket.API\Basket.API.csproj", "{F6F0F53F-7C56-45AD-A399-C234AA6A5A8A}"
EndProject
Project("{9A19103F-16F7-4668-BE54-9A1E7A4F7556}") = "Customer.API", "src\Services\Customer.API\Customer.API.csproj", "{81993CC2-43B7-4420-8F15-9353060E20BE}"
EndProject
Project("{9A19103F-16F7-4668-BE54-9A1E7A4F7556}") = "Hangfire.API", "src\Services\Hangfire.API\Hangfire.API.csproj", "{DB4AD6CA-C446-4FE4-988D-73A5EB6B21D8}"
EndProject
Project("{9A19103F-16F7-4668-BE54-9A1E7A4F7556}") = "Inventory.Product.API", "src\Services\Inventory.Product.API\Inventory.Product.API.csproj", "{C5CEBA34-99D6-4F83-A07A-064EDCF41778}"
EndProject
Project("{9A19103F-16F7-4668-BE54-9A1E7A4F7556}") = "WebHealthStatus", "src\WebApps\WebHealthStatus\WebHealthStatus.csproj", "{16372816-94AE-4905-A5BB-39058A29ED46}"
EndProject
Project("{9A19103F-16F7-4668-BE54-9A1E7A4F7556}") = "Product.API", "src\Services\Product.API\Product.API.csproj", "{BD1CE9F6-5ECE-49CE-B78F-6E956AA8369F}"
EndProject
Project("{2150E333-8FDC-42A3-9474-1A3956D46DE8}") = "Product", "Product", "{46067CA8-3CB0-4F0A-A03F-4C113E9D89A4}"
EndProject
Project("{2150E333-8FDC-42A3-9474-1A3956D46DE8}") = "Basket", "Basket", "{57871393-7E96-485A-9A7B-D7709F58AFD3}"
EndProject
Project("{2150E333-8FDC-42A3-9474-1A3956D46DE8}") = "Customer", "Customer", "{FFEF1868-9EFD-45DE-8DB3-0F2AB2B4ACE0}"
EndProject
Project("{2150E333-8FDC-42A3-9474-1A3956D46DE8}") = "Inventory", "Inventory", "{4AC1C9EA-F880-443D-BB87-EED745BD2B08}"
EndProject
Project("{2150E333-8FDC-42A3-9474-1A3956D46DE8}") = "ScheduledJob", "ScheduledJob", "{00E4625B-65C9-4F44-A7C4-8821D78B165C}"
EndProject
Project("{2150E333-8FDC-42A3-9474-1A3956D46DE8}") = "Ordering", "Ordering", "{81588137-3C32-459A-95E1-CC488937D0A4}"
EndProject
Project("{9A19103F-16F7-4668-BE54-9A1E7A4F7556}") = "Ordering.Application", "src\Services\Ordering\Ordering.Application\Ordering.Application.csproj", "{59671B2D-6D77-453F-B62F-38DBA7E71D86}"
EndProject
Project("{9A19103F-16F7-4668-BE54-9A1E7A4F7556}") = "Ordering.API", "src\Services\Ordering\Ordering.API\Ordering.API.csproj", "{034304E0-4F03-48B9-B68A-E0168CAC1DAB}"
EndProject
Project("{9A19103F-16F7-4668-BE54-9A1E7A4F7556}") = "Ordering.Domain", "src\Services\Ordering\Ordering.Domain\Ordering.Domain.csproj", "{B87DE401-A154-4B2E-9582-11B098C0F09D}"
EndProject
Project("{9A19103F-16F7-4668-BE54-9A1E7A4F7556}") = "Ordering.Infrastructure", "src\Services\Ordering\Ordering.Infrastructure\Ordering.Infrastructure.csproj", "{6EF3CDDA-C135-470D-BAFB-D4AC33EF222A}"
EndProject
Global
	GlobalSection(SolutionConfigurationPlatforms) = preSolution
		Debug|Any CPU = Debug|Any CPU
		Release|Any CPU = Release|Any CPU
	EndGlobalSection
	GlobalSection(ProjectConfigurationPlatforms) = postSolution
		{3CD2CE43-D022-48A6-9D62-9809AD6BF39D}.Debug|Any CPU.ActiveCfg = Debug|Any CPU
		{3CD2CE43-D022-48A6-9D62-9809AD6BF39D}.Debug|Any CPU.Build.0 = Debug|Any CPU
		{3CD2CE43-D022-48A6-9D62-9809AD6BF39D}.Release|Any CPU.ActiveCfg = Release|Any CPU
		{3CD2CE43-D022-48A6-9D62-9809AD6BF39D}.Release|Any CPU.Build.0 = Release|Any CPU
		{9161F4AF-2C4A-48DB-B385-8BAAA8E1F3C3}.Debug|Any CPU.ActiveCfg = Debug|Any CPU
		{9161F4AF-2C4A-48DB-B385-8BAAA8E1F3C3}.Debug|Any CPU.Build.0 = Debug|Any CPU
		{9161F4AF-2C4A-48DB-B385-8BAAA8E1F3C3}.Release|Any CPU.ActiveCfg = Release|Any CPU
		{9161F4AF-2C4A-48DB-B385-8BAAA8E1F3C3}.Release|Any CPU.Build.0 = Release|Any CPU
		{D86999F6-B789-40F4-84BA-8F8A34F92560}.Debug|Any CPU.ActiveCfg = Debug|Any CPU
		{D86999F6-B789-40F4-84BA-8F8A34F92560}.Debug|Any CPU.Build.0 = Debug|Any CPU
		{D86999F6-B789-40F4-84BA-8F8A34F92560}.Release|Any CPU.ActiveCfg = Release|Any CPU
		{D86999F6-B789-40F4-84BA-8F8A34F92560}.Release|Any CPU.Build.0 = Release|Any CPU
		{E8F887DB-634C-436E-829C-5E450291CA9C}.Debug|Any CPU.ActiveCfg = Debug|Any CPU
		{E8F887DB-634C-436E-829C-5E450291CA9C}.Debug|Any CPU.Build.0 = Debug|Any CPU
		{E8F887DB-634C-436E-829C-5E450291CA9C}.Release|Any CPU.ActiveCfg = Release|Any CPU
		{E8F887DB-634C-436E-829C-5E450291CA9C}.Release|Any CPU.Build.0 = Release|Any CPU
		{D19CE33F-8A48-4FD6-A6EE-874FB0BF57C5}.Debug|Any CPU.ActiveCfg = Debug|Any CPU
		{D19CE33F-8A48-4FD6-A6EE-874FB0BF57C5}.Debug|Any CPU.Build.0 = Debug|Any CPU
		{D19CE33F-8A48-4FD6-A6EE-874FB0BF57C5}.Release|Any CPU.ActiveCfg = Release|Any CPU
		{D19CE33F-8A48-4FD6-A6EE-874FB0BF57C5}.Release|Any CPU.Build.0 = Release|Any CPU
		{7F6926EE-D335-4F69-85CC-7A549124E807}.Debug|Any CPU.ActiveCfg = Debug|Any CPU
		{7F6926EE-D335-4F69-85CC-7A549124E807}.Debug|Any CPU.Build.0 = Debug|Any CPU
		{7F6926EE-D335-4F69-85CC-7A549124E807}.Release|Any CPU.ActiveCfg = Release|Any CPU
		{7F6926EE-D335-4F69-85CC-7A549124E807}.Release|Any CPU.Build.0 = Release|Any CPU
		{F6F0F53F-7C56-45AD-A399-C234AA6A5A8A}.Debug|Any CPU.ActiveCfg = Debug|Any CPU
		{F6F0F53F-7C56-45AD-A399-C234AA6A5A8A}.Debug|Any CPU.Build.0 = Debug|Any CPU
		{F6F0F53F-7C56-45AD-A399-C234AA6A5A8A}.Release|Any CPU.ActiveCfg = Release|Any CPU
		{F6F0F53F-7C56-45AD-A399-C234AA6A5A8A}.Release|Any CPU.Build.0 = Release|Any CPU
		{81993CC2-43B7-4420-8F15-9353060E20BE}.Debug|Any CPU.ActiveCfg = Debug|Any CPU
		{81993CC2-43B7-4420-8F15-9353060E20BE}.Debug|Any CPU.Build.0 = Debug|Any CPU
		{81993CC2-43B7-4420-8F15-9353060E20BE}.Release|Any CPU.ActiveCfg = Release|Any CPU
		{81993CC2-43B7-4420-8F15-9353060E20BE}.Release|Any CPU.Build.0 = Release|Any CPU
		{DB4AD6CA-C446-4FE4-988D-73A5EB6B21D8}.Debug|Any CPU.ActiveCfg = Debug|Any CPU
		{DB4AD6CA-C446-4FE4-988D-73A5EB6B21D8}.Debug|Any CPU.Build.0 = Debug|Any CPU
		{DB4AD6CA-C446-4FE4-988D-73A5EB6B21D8}.Release|Any CPU.ActiveCfg = Release|Any CPU
		{DB4AD6CA-C446-4FE4-988D-73A5EB6B21D8}.Release|Any CPU.Build.0 = Release|Any CPU
		{C5CEBA34-99D6-4F83-A07A-064EDCF41778}.Debug|Any CPU.ActiveCfg = Debug|Any CPU
		{C5CEBA34-99D6-4F83-A07A-064EDCF41778}.Debug|Any CPU.Build.0 = Debug|Any CPU
		{C5CEBA34-99D6-4F83-A07A-064EDCF41778}.Release|Any CPU.ActiveCfg = Release|Any CPU
		{C5CEBA34-99D6-4F83-A07A-064EDCF41778}.Release|Any CPU.Build.0 = Release|Any CPU
		{16372816-94AE-4905-A5BB-39058A29ED46}.Debug|Any CPU.ActiveCfg = Debug|Any CPU
		{16372816-94AE-4905-A5BB-39058A29ED46}.Debug|Any CPU.Build.0 = Debug|Any CPU
		{16372816-94AE-4905-A5BB-39058A29ED46}.Release|Any CPU.ActiveCfg = Release|Any CPU
		{16372816-94AE-4905-A5BB-39058A29ED46}.Release|Any CPU.Build.0 = Release|Any CPU
		{BD1CE9F6-5ECE-49CE-B78F-6E956AA8369F}.Debug|Any CPU.ActiveCfg = Debug|Any CPU
		{BD1CE9F6-5ECE-49CE-B78F-6E956AA8369F}.Debug|Any CPU.Build.0 = Debug|Any CPU
		{BD1CE9F6-5ECE-49CE-B78F-6E956AA8369F}.Release|Any CPU.ActiveCfg = Release|Any CPU
		{BD1CE9F6-5ECE-49CE-B78F-6E956AA8369F}.Release|Any CPU.Build.0 = Release|Any CPU
		{59671B2D-6D77-453F-B62F-38DBA7E71D86}.Debug|Any CPU.ActiveCfg = Debug|Any CPU
		{59671B2D-6D77-453F-B62F-38DBA7E71D86}.Debug|Any CPU.Build.0 = Debug|Any CPU
		{59671B2D-6D77-453F-B62F-38DBA7E71D86}.Release|Any CPU.ActiveCfg = Release|Any CPU
		{59671B2D-6D77-453F-B62F-38DBA7E71D86}.Release|Any CPU.Build.0 = Release|Any CPU
		{034304E0-4F03-48B9-B68A-E0168CAC1DAB}.Debug|Any CPU.ActiveCfg = Debug|Any CPU
		{034304E0-4F03-48B9-B68A-E0168CAC1DAB}.Debug|Any CPU.Build.0 = Debug|Any CPU
		{034304E0-4F03-48B9-B68A-E0168CAC1DAB}.Release|Any CPU.ActiveCfg = Release|Any CPU
		{034304E0-4F03-48B9-B68A-E0168CAC1DAB}.Release|Any CPU.Build.0 = Release|Any CPU
		{B87DE401-A154-4B2E-9582-11B098C0F09D}.Debug|Any CPU.ActiveCfg = Debug|Any CPU
		{B87DE401-A154-4B2E-9582-11B098C0F09D}.Debug|Any CPU.Build.0 = Debug|Any CPU
		{B87DE401-A154-4B2E-9582-11B098C0F09D}.Release|Any CPU.ActiveCfg = Release|Any CPU
		{B87DE401-A154-4B2E-9582-11B098C0F09D}.Release|Any CPU.Build.0 = Release|Any CPU
		{6EF3CDDA-C135-470D-BAFB-D4AC33EF222A}.Debug|Any CPU.ActiveCfg = Debug|Any CPU
		{6EF3CDDA-C135-470D-BAFB-D4AC33EF222A}.Debug|Any CPU.Build.0 = Debug|Any CPU
		{6EF3CDDA-C135-470D-BAFB-D4AC33EF222A}.Release|Any CPU.ActiveCfg = Release|Any CPU
		{6EF3CDDA-C135-470D-BAFB-D4AC33EF222A}.Release|Any CPU.Build.0 = Release|Any CPU
	EndGlobalSection
	GlobalSection(SolutionProperties) = preSolution
		HideSolutionNode = FALSE
	EndGlobalSection
	GlobalSection(NestedProjects) = preSolution
		{ED325F3A-3B01-4CA5-9EEA-5B56C126C235} = {AFA281F2-629F-4CF0-A56B-CECBB526CB34}
		{B8F3D502-BEE1-4307-8342-66C3FB1EA044} = {AFA281F2-629F-4CF0-A56B-CECBB526CB34}
		{CD81C06B-8FE7-4398-8959-FCED4F701209} = {AFA281F2-629F-4CF0-A56B-CECBB526CB34}
		{D9D3E3BD-E333-4E7F-8CD2-6F6437740A6D} = {AFA281F2-629F-4CF0-A56B-CECBB526CB34}
		{3CD2CE43-D022-48A6-9D62-9809AD6BF39D} = {ED325F3A-3B01-4CA5-9EEA-5B56C126C235}
		{9161F4AF-2C4A-48DB-B385-8BAAA8E1F3C3} = {B8F3D502-BEE1-4307-8342-66C3FB1EA044}
		{D86999F6-B789-40F4-84BA-8F8A34F92560} = {B8F3D502-BEE1-4307-8342-66C3FB1EA044}
		{E8F887DB-634C-436E-829C-5E450291CA9C} = {B8F3D502-BEE1-4307-8342-66C3FB1EA044}
		{D19CE33F-8A48-4FD6-A6EE-874FB0BF57C5} = {B8F3D502-BEE1-4307-8342-66C3FB1EA044}
		{7F6926EE-D335-4F69-85CC-7A549124E807} = {B8F3D502-BEE1-4307-8342-66C3FB1EA044}
		{F6F0F53F-7C56-45AD-A399-C234AA6A5A8A} = {57871393-7E96-485A-9A7B-D7709F58AFD3}
		{81993CC2-43B7-4420-8F15-9353060E20BE} = {FFEF1868-9EFD-45DE-8DB3-0F2AB2B4ACE0}
		{DB4AD6CA-C446-4FE4-988D-73A5EB6B21D8} = {00E4625B-65C9-4F44-A7C4-8821D78B165C}
		{C5CEBA34-99D6-4F83-A07A-064EDCF41778} = {4AC1C9EA-F880-443D-BB87-EED745BD2B08}
		{16372816-94AE-4905-A5BB-39058A29ED46} = {D9D3E3BD-E333-4E7F-8CD2-6F6437740A6D}
		{BD1CE9F6-5ECE-49CE-B78F-6E956AA8369F} = {46067CA8-3CB0-4F0A-A03F-4C113E9D89A4}
		{46067CA8-3CB0-4F0A-A03F-4C113E9D89A4} = {CD81C06B-8FE7-4398-8959-FCED4F701209}
		{57871393-7E96-485A-9A7B-D7709F58AFD3} = {CD81C06B-8FE7-4398-8959-FCED4F701209}
		{FFEF1868-9EFD-45DE-8DB3-0F2AB2B4ACE0} = {CD81C06B-8FE7-4398-8959-FCED4F701209}
		{4AC1C9EA-F880-443D-BB87-EED745BD2B08} = {CD81C06B-8FE7-4398-8959-FCED4F701209}
		{00E4625B-65C9-4F44-A7C4-8821D78B165C} = {CD81C06B-8FE7-4398-8959-FCED4F701209}
		{81588137-3C32-459A-95E1-CC488937D0A4} = {CD81C06B-8FE7-4398-8959-FCED4F701209}
		{59671B2D-6D77-453F-B62F-38DBA7E71D86} = {81588137-3C32-459A-95E1-CC488937D0A4}
		{034304E0-4F03-48B9-B68A-E0168CAC1DAB} = {81588137-3C32-459A-95E1-CC488937D0A4}
		{B87DE401-A154-4B2E-9582-11B098C0F09D} = {81588137-3C32-459A-95E1-CC488937D0A4}
		{6EF3CDDA-C135-470D-BAFB-D4AC33EF222A} = {81588137-3C32-459A-95E1-CC488937D0A4}
	EndGlobalSection
	GlobalSection(ExtensibilityGlobals) = postSolution
		SolutionGuid = {766038FE-47A6-4D2B-B759-00745BF8A3BA}
	EndGlobalSection
EndGlobal
